
Microsoft Visual Studio Solution File, Format Version 12.00
# Visual Studio Version 17
VisualStudioVersion = 17.3.32929.385
MinimumVisualStudioVersion = 10.0.40219.1
Project("{FAE04EC0-301F-11D3-BF4B-00C04F79EFBC}") = "WindowsFormsApp1", "WindowsFormsApp1\WindowsFormsApp1.csproj", "{9917BB89-CF93-45AE-851D-80EF987EE04C}"
EndProject
Project("{FAE04EC0-301F-11D3-BF4B-00C04F79EFBC}") = "Capa_Datos", "..\Capa_Datos\Capa_Datos.csproj", "{EDF370A3-A956-4653-A596-B41CB422F2EC}"
EndProject
Project("{FAE04EC0-301F-11D3-BF4B-00C04F79EFBC}") = "Capa_Entidad", "..\Capa_Entidad\Capa_Entidad.csproj", "{483386FB-9041-4BB2-A741-8DE8B4BF9980}"
EndProject
Project("{FAE04EC0-301F-11D3-BF4B-00C04F79EFBC}") = "Capa_Negocio", "..\Capa_Negocio\Capa_Negocio.csproj", "{059EDB37-AA5A-46E3-9CBD-B87BF01A2F0E}"
EndProject
Global
	GlobalSection(SolutionConfigurationPlatforms) = preSolution
		Debug|Any CPU = Debug|Any CPU
		Release|Any CPU = Release|Any CPU
	EndGlobalSection
	GlobalSection(ProjectConfigurationPlatforms) = postSolution
		{9917BB89-CF93-45AE-851D-80EF987EE04C}.Debug|Any CPU.ActiveCfg = Debug|Any CPU
		{9917BB89-CF93-45AE-851D-80EF987EE04C}.Debug|Any CPU.Build.0 = Debug|Any CPU
		{9917BB89-CF93-45AE-851D-80EF987EE04C}.Release|Any CPU.ActiveCfg = Release|Any CPU
		{9917BB89-CF93-45AE-851D-80EF987EE04C}.Release|Any CPU.Build.0 = Release|Any CPU
		{EDF370A3-A956-4653-A596-B41CB422F2EC}.Debug|Any CPU.ActiveCfg = Debug|Any CPU
		{EDF370A3-A956-4653-A596-B41CB422F2EC}.Debug|Any CPU.Build.0 = Debug|Any CPU
		{EDF370A3-A956-4653-A596-B41CB422F2EC}.Release|Any CPU.ActiveCfg = Release|Any CPU
		{EDF370A3-A956-4653-A596-B41CB422F2EC}.Release|Any CPU.Build.0 = Release|Any CPU
		{483386FB-9041-4BB2-A741-8DE8B4BF9980}.Debug|Any CPU.ActiveCfg = Debug|Any CPU
		{483386FB-9041-4BB2-A741-8DE8B4BF9980}.Debug|Any CPU.Build.0 = Debug|Any CPU
		{483386FB-9041-4BB2-A741-8DE8B4BF9980}.Release|Any CPU.ActiveCfg = Release|Any CPU
		{483386FB-9041-4BB2-A741-8DE8B4BF9980}.Release|Any CPU.Build.0 = Release|Any CPU
		{059EDB37-AA5A-46E3-9CBD-B87BF01A2F0E}.Debug|Any CPU.ActiveCfg = Debug|Any CPU
		{059EDB37-AA5A-46E3-9CBD-B87BF01A2F0E}.Debug|Any CPU.Build.0 = Debug|Any CPU
		{059EDB37-AA5A-46E3-9CBD-B87BF01A2F0E}.Release|Any CPU.ActiveCfg = Release|Any CPU
		{059EDB37-AA5A-46E3-9CBD-B87BF01A2F0E}.Release|Any CPU.Build.0 = Release|Any CPU
	EndGlobalSection
	GlobalSection(SolutionProperties) = preSolution
		HideSolutionNode = FALSE
	EndGlobalSection
	GlobalSection(ExtensibilityGlobals) = postSolution
		SolutionGuid = {555E2E08-2FA3-42D5-92EB-0E5C9C773B4C}
	EndGlobalSection
EndGlobal
